
Microsoft Visual Studio Solution File, Format Version 12.00
# Visual Studio Version 16
VisualStudioVersion = 16.0.29009.5
MinimumVisualStudioVersion = 10.0.40219.1
Project("{9A19103F-16F7-4668-BE54-9A1E7A4F7556}") = "VincenzoBot", "VincenzoBot.csproj", "{FCB965CA-77A0-43E4-9512-2C9BC03ECD25}"
EndProject
Project("{9A19103F-16F7-4668-BE54-9A1E7A4F7556}") = "VincenzoBot.XUnit.Tests", "..\VincenzoBot.XUnit.Tests\VincenzoBot.XUnit.Tests.csproj", "{F503C7C0-4E8E-4893-A1CF-FA536CCC7BCD}"
EndProject
Global
	GlobalSection(SolutionConfigurationPlatforms) = preSolution
		Debug|Any CPU = Debug|Any CPU
		Release|Any CPU = Release|Any CPU
	EndGlobalSection
	GlobalSection(ProjectConfigurationPlatforms) = postSolution
		{FCB965CA-77A0-43E4-9512-2C9BC03ECD25}.Debug|Any CPU.ActiveCfg = Debug|Any CPU
		{FCB965CA-77A0-43E4-9512-2C9BC03ECD25}.Debug|Any CPU.Build.0 = Debug|Any CPU
		{FCB965CA-77A0-43E4-9512-2C9BC03ECD25}.Release|Any CPU.ActiveCfg = Release|Any CPU
		{FCB965CA-77A0-43E4-9512-2C9BC03ECD25}.Release|Any CPU.Build.0 = Release|Any CPU
		{F503C7C0-4E8E-4893-A1CF-FA536CCC7BCD}.Debug|Any CPU.ActiveCfg = Debug|Any CPU
		{F503C7C0-4E8E-4893-A1CF-FA536CCC7BCD}.Debug|Any CPU.Build.0 = Debug|Any CPU
		{F503C7C0-4E8E-4893-A1CF-FA536CCC7BCD}.Release|Any CPU.ActiveCfg = Release|Any CPU
		{F503C7C0-4E8E-4893-A1CF-FA536CCC7BCD}.Release|Any CPU.Build.0 = Release|Any CPU
	EndGlobalSection
	GlobalSection(SolutionProperties) = preSolution
		HideSolutionNode = FALSE
	EndGlobalSection
	GlobalSection(ExtensibilityGlobals) = postSolution
		SolutionGuid = {26B141EE-9561-47CC-8E98-BB577A928302}
	EndGlobalSection
EndGlobal
